
Microsoft Visual Studio Solution File, Format Version 12.00
# Visual Studio Version 17
VisualStudioVersion = 17.7.34009.444
MinimumVisualStudioVersion = 10.0.40219.1
Project("{9A19103F-16F7-4668-BE54-9A1E7A4F7556}") = "Arex388.DocuSign", "Arex388.DocuSign\Arex388.DocuSign.csproj", "{3159E400-F9B6-4B57-A1AD-B60AD8886424}"
EndProject
Project("{9A19103F-16F7-4668-BE54-9A1E7A4F7556}") = "Arex388.DocuSign.Benchmarks", "Arex388.DocuSign.Benchmarks\Arex388.DocuSign.Benchmarks.csproj", "{762C9929-6DDB-4E9E-9F41-BED8361A171C}"
EndProject
Project("{FAE04EC0-301F-11D3-BF4B-00C04F79EFBC}") = "Arex388.DocuSign.Tests", "Arex388.DocuSign.Tests\Arex388.DocuSign.Tests.csproj", "{8180B276-5F97-462B-902E-F23939B5AC14}"
EndProject
Project("{2150E333-8FDC-42A3-9474-1A3956D46DE8}") = "Solution Items", "Solution Items", "{3E18CE24-7E1D-4041-A7B6-BA2FF183F956}"
	ProjectSection(SolutionItems) = preProject
		BENCHMARKS.md = BENCHMARKS.md
		CHANGELOG.md = CHANGELOG.md
		DocuSign.md = DocuSign.md
		DocuSign.pdf = DocuSign.pdf
		LICENSE = LICENSE
		README.md = README.md
	EndProjectSection
EndProject
Global
	GlobalSection(SolutionConfigurationPlatforms) = preSolution
		Debug|Any CPU = Debug|Any CPU
		Release|Any CPU = Release|Any CPU
	EndGlobalSection
	GlobalSection(ProjectConfigurationPlatforms) = postSolution
		{3159E400-F9B6-4B57-A1AD-B60AD8886424}.Debug|Any CPU.ActiveCfg = Debug|Any CPU
		{3159E400-F9B6-4B57-A1AD-B60AD8886424}.Debug|Any CPU.Build.0 = Debug|Any CPU
		{3159E400-F9B6-4B57-A1AD-B60AD8886424}.Release|Any CPU.ActiveCfg = Release|Any CPU
		{3159E400-F9B6-4B57-A1AD-B60AD8886424}.Release|Any CPU.Build.0 = Release|Any CPU
		{762C9929-6DDB-4E9E-9F41-BED8361A171C}.Debug|Any CPU.ActiveCfg = Debug|Any CPU
		{762C9929-6DDB-4E9E-9F41-BED8361A171C}.Debug|Any CPU.Build.0 = Debug|Any CPU
		{762C9929-6DDB-4E9E-9F41-BED8361A171C}.Release|Any CPU.ActiveCfg = Release|Any CPU
		{762C9929-6DDB-4E9E-9F41-BED8361A171C}.Release|Any CPU.Build.0 = Release|Any CPU
		{8180B276-5F97-462B-902E-F23939B5AC14}.Debug|Any CPU.ActiveCfg = Debug|Any CPU
		{8180B276-5F97-462B-902E-F23939B5AC14}.Debug|Any CPU.Build.0 = Debug|Any CPU
		{8180B276-5F97-462B-902E-F23939B5AC14}.Release|Any CPU.ActiveCfg = Release|Any CPU
		{8180B276-5F97-462B-902E-F23939B5AC14}.Release|Any CPU.Build.0 = Release|Any CPU
	EndGlobalSection
	GlobalSection(SolutionProperties) = preSolution
		HideSolutionNode = FALSE
	EndGlobalSection
	GlobalSection(ExtensibilityGlobals) = postSolution
		SolutionGuid = {DC9C1153-FADC-447E-92AF-0E56B8A689F3}
	EndGlobalSection
EndGlobal
